{
  "requires": true,
  "lockfileVersion": 1,
  "dependencies": {
    "file-saver": {
      "version": "2.0.2",
      "resolved": "https://registry.npmjs.org/file-saver/-/file-saver-2.0.2.tgz",
      "integrity": "sha512-Wz3c3XQ5xroCxd1G8b7yL0Ehkf0TC9oYC6buPFkNnU9EnaPlifeAFCyCh+iewXTyFRcg0a6j3J7FmJsIhlhBdw=="
    },
    "truncate-utf8-bytes": {
      "version": "1.0.2",
      "resolved": "https://registry.npmjs.org/truncate-utf8-bytes/-/truncate-utf8-bytes-1.0.2.tgz",
      "integrity": "sha1-QFkjkJWS1W94pYGENLC3hInKXys=",
      "requires": {
        "utf8-byte-length": "^1.0.1"
      }
    },
    "utf8-byte-length": {
      "version": "1.0.4",
      "resolved": "https://registry.npmjs.org/utf8-byte-length/-/utf8-byte-length-1.0.4.tgz",
      "integrity": "sha1-9F8VDExm7uloGGUFq5P8u4rWv2E="
    }
  }
}
